
Microsoft Visual Studio Solution File, Format Version 12.00
# Visual Studio Version 17
VisualStudioVersion = 17.4.33213.308
MinimumVisualStudioVersion = 10.0.40219.1
Project("{FAE04EC0-301F-11D3-BF4B-00C04F79EFBC}") = "ConsoleApp18", "ConsoleApp18.csproj", "{46433E17-CF67-427A-9DA2-2A34B5BB1F10}"
EndProject
Global
	GlobalSection(SolutionConfigurationPlatforms) = preSolution
		Debug|Any CPU = Debug|Any CPU
		Release|Any CPU = Release|Any CPU
	EndGlobalSection
	GlobalSection(ProjectConfigurationPlatforms) = postSolution
		{46433E17-CF67-427A-9DA2-2A34B5BB1F10}.Debug|Any CPU.ActiveCfg = Debug|Any CPU
		{46433E17-CF67-427A-9DA2-2A34B5BB1F10}.Debug|Any CPU.Build.0 = Debug|Any CPU
		{46433E17-CF67-427A-9DA2-2A34B5BB1F10}.Release|Any CPU.ActiveCfg = Release|Any CPU
		{46433E17-CF67-427A-9DA2-2A34B5BB1F10}.Release|Any CPU.Build.0 = Release|Any CPU
	EndGlobalSection
	GlobalSection(SolutionProperties) = preSolution
		HideSolutionNode = FALSE
	EndGlobalSection
	GlobalSection(ExtensibilityGlobals) = postSolution
		SolutionGuid = {450C2357-981B-42DB-95D6-4B19F6B50C31}
	EndGlobalSection
EndGlobal
